github.com/google/uuid v1.6.0 h1:NIvaJDMOsjHA8n1jAhLSgzrAzy1Hgr+hNrb57e+94F0=
github.com/google/uuid v1.6.0/go.mod h1:TIyPZe4MgqvfeYDBFedMoGGpEw/LqOeaOT+nhxU+yHo=
github.com/tengolang/tengo/v3 v3.6.0 h1:dwXGExPBDS1j/Y8lQrwqe8JyZuXC443+2W1aYoz6w7U=
github.com/tengolang/tengo/v3 v3.6.0/go.mod h1:Fq91KsaoS/84xgMslUfn+wDpQV340NbU6s9//h5c6OI=
